
Microsoft Visual Studio Solution File, Format Version 12.00
# Visual Studio Version 16
VisualStudioVersion = 16.0.31313.79
MinimumVisualStudioVersion = 10.0.40219.1
Project("{FAE04EC0-301F-11D3-BF4B-00C04F79EFBC}") = "FrontDesktop", "FrontDesktop\FrontDesktop.csproj", "{70BBAB98-32E0-4EC9-B674-8E6756C5E40F}"
EndProject
Project("{FAE04EC0-301F-11D3-BF4B-00C04F79EFBC}") = "Logica", "BLL\Logica.csproj", "{9C8E6223-B012-4D3D-BEBC-6525722CA8F6}"
EndProject
Global
	GlobalSection(SolutionConfigurationPlatforms) = preSolution
		Debug|Any CPU = Debug|Any CPU
		Release|Any CPU = Release|Any CPU
	EndGlobalSection
	GlobalSection(ProjectConfigurationPlatforms) = postSolution
		{70BBAB98-32E0-4EC9-B674-8E6756C5E40F}.Debug|Any CPU.ActiveCfg = Debug|Any CPU
		{70BBAB98-32E0-4EC9-B674-8E6756C5E40F}.Debug|Any CPU.Build.0 = Debug|Any CPU
		{70BBAB98-32E0-4EC9-B674-8E6756C5E40F}.Release|Any CPU.ActiveCfg = Release|Any CPU
		{70BBAB98-32E0-4EC9-B674-8E6756C5E40F}.Release|Any CPU.Build.0 = Release|Any CPU
		{9C8E6223-B012-4D3D-BEBC-6525722CA8F6}.Debug|Any CPU.ActiveCfg = Debug|Any CPU
		{9C8E6223-B012-4D3D-BEBC-6525722CA8F6}.Debug|Any CPU.Build.0 = Debug|Any CPU
		{9C8E6223-B012-4D3D-BEBC-6525722CA8F6}.Release|Any CPU.ActiveCfg = Release|Any CPU
		{9C8E6223-B012-4D3D-BEBC-6525722CA8F6}.Release|Any CPU.Build.0 = Release|Any CPU
	EndGlobalSection
	GlobalSection(SolutionProperties) = preSolution
		HideSolutionNode = FALSE
	EndGlobalSection
	GlobalSection(ExtensibilityGlobals) = postSolution
		SolutionGuid = {250878DD-FABB-4E11-86E7-96078DF35CAF}
	EndGlobalSection
EndGlobal
