
Microsoft Visual Studio Solution File, Format Version 12.00
# Visual Studio Version 16
VisualStudioVersion = 16.0.31205.134
MinimumVisualStudioVersion = 10.0.40219.1
Project("{FAE04EC0-301F-11D3-BF4B-00C04F79EFBC}") = "BLL", "BLL\BLL.csproj", "{522BF229-8E10-4AB0-B94A-05BA095AC78D}"
EndProject
Project("{FAE04EC0-301F-11D3-BF4B-00C04F79EFBC}") = "DAL", "DAL\DAL.csproj", "{1B43361F-BE34-48AF-A5FF-9A5F3E77A7C8}"
EndProject
Project("{FAE04EC0-301F-11D3-BF4B-00C04F79EFBC}") = "UI_NEW", "UI_NEW\UI_NEW.csproj", "{06AF4C15-0040-4D07-93B8-2C2E054E379D}"
EndProject
Global
	GlobalSection(SolutionConfigurationPlatforms) = preSolution
		Debug|Any CPU = Debug|Any CPU
		Release|Any CPU = Release|Any CPU
	EndGlobalSection
	GlobalSection(ProjectConfigurationPlatforms) = postSolution
		{522BF229-8E10-4AB0-B94A-05BA095AC78D}.Debug|Any CPU.ActiveCfg = Debug|Any CPU
		{522BF229-8E10-4AB0-B94A-05BA095AC78D}.Debug|Any CPU.Build.0 = Debug|Any CPU
		{522BF229-8E10-4AB0-B94A-05BA095AC78D}.Release|Any CPU.ActiveCfg = Release|Any CPU
		{522BF229-8E10-4AB0-B94A-05BA095AC78D}.Release|Any CPU.Build.0 = Release|Any CPU
		{1B43361F-BE34-48AF-A5FF-9A5F3E77A7C8}.Debug|Any CPU.ActiveCfg = Debug|Any CPU
		{1B43361F-BE34-48AF-A5FF-9A5F3E77A7C8}.Debug|Any CPU.Build.0 = Debug|Any CPU
		{1B43361F-BE34-48AF-A5FF-9A5F3E77A7C8}.Release|Any CPU.ActiveCfg = Release|Any CPU
		{1B43361F-BE34-48AF-A5FF-9A5F3E77A7C8}.Release|Any CPU.Build.0 = Release|Any CPU
		{06AF4C15-0040-4D07-93B8-2C2E054E379D}.Debug|Any CPU.ActiveCfg = Debug|Any CPU
		{06AF4C15-0040-4D07-93B8-2C2E054E379D}.Debug|Any CPU.Build.0 = Debug|Any CPU
		{06AF4C15-0040-4D07-93B8-2C2E054E379D}.Release|Any CPU.ActiveCfg = Release|Any CPU
		{06AF4C15-0040-4D07-93B8-2C2E054E379D}.Release|Any CPU.Build.0 = Release|Any CPU
	EndGlobalSection
	GlobalSection(SolutionProperties) = preSolution
		HideSolutionNode = FALSE
	EndGlobalSection
	GlobalSection(ExtensibilityGlobals) = postSolution
		SolutionGuid = {F5326D32-C94D-49CF-973F-DF57B22A8CF4}
	EndGlobalSection
EndGlobal
